// !$*UTF8*$!
{
	archiveVersion = 1;
	classes = {
	};
	objectVersion = 48;
	objects = {

/* Begin PBXBuildFile section */
		7BC054566AC4AE479C7F12C7 /* Pods_ExermoteCoreMLUITests.framework in Frameworks */ = {isa = PBXBuildFile; fileRef = 3AAE41870872E349A3EC2B8E /* Pods_ExermoteCoreMLUITests.framework */; };
		8D02F9A51EEAE09D0015BD67 /* Constants.swift in Sources */ = {isa = PBXBuildFile; fileRef = 8D02F9A41EEAE09D0015BD67 /* Constants.swift */; };
		8D02F9A71EEAE0D00015BD67 /* MotionManager.swift in Sources */ = {isa = PBXBuildFile; fileRef = 8D02F9A61EEAE0D00015BD67 /* MotionManager.swift */; };
		8D02F9A91EEAE0F80015BD67 /* PredictionVC.swift in Sources */ = {isa = PBXBuildFile; fileRef = 8D02F9A81EEAE0F80015BD67 /* PredictionVC.swift */; };
		8D02F9AB1EEAE18D0015BD67 /* PredictionManager.swift in Sources */ = {isa = PBXBuildFile; fileRef = 8D02F9AA1EEAE18D0015BD67 /* PredictionManager.swift */; };
		8D02F9AD1EEAE1D90015BD67 /* PredictionManagerDelegate.swift in Sources */ = {isa = PBXBuildFile; fileRef = 8D02F9AC1EEAE1D90015BD67 /* PredictionManagerDelegate.swift */; };
		8D1753EA1EEADA6E00C2F69E /* PredictionModel.mlmodel in Sources */ = {isa = PBXBuildFile; fileRef = 8D1753E91EEADA6D00C2F69E /* PredictionModel.mlmodel */; };
		8D85649A1EE9A7F000F904CA /* AppDelegate.swift in Sources */ = {isa = PBXBuildFile; fileRef = 8D8564991EE9A7F000F904CA /* AppDelegate.swift */; };
		8D85649F1EE9A7F000F904CA /* Main.storyboard in Resources */ = {isa = PBXBuildFile; fileRef = 8D85649D1EE9A7F000F904CA /* Main.storyboard */; };
		8D8564A11EE9A7F000F904CA /* Assets.xcassets in Resources */ = {isa = PBXBuildFile; fileRef = 8D8564A01EE9A7F000F904CA /* Assets.xcassets */; };
		8D8564A41EE9A7F000F904CA /* LaunchScreen.storyboard in Resources */ = {isa = PBXBuildFile; fileRef = 8D8564A21EE9A7F000F904CA /* LaunchScreen.storyboard */; };
		8D8564AF1EE9A7F000F904CA /* ExermoteCoreMLTests.swift in Sources */ = {isa = PBXBuildFile; fileRef = 8D8564AE1EE9A7F000F904CA /* ExermoteCoreMLTests.swift */; };
		8D8564BA1EE9A7F000F904CA /* ExermoteCoreMLUITests.swift in Sources */ = {isa = PBXBuildFile; fileRef = 8D8564B91EE9A7F000F904CA /* ExermoteCoreMLUITests.swift */; };
		8FB8C7E3FF6E3AC93E13C973 /* Pods_ExermoteCoreML.framework in Frameworks */ = {isa = PBXBuildFile; fileRef = B4D984A27702E54271C14D94 /* Pods_ExermoteCoreML.framework */; };
		E68CB60E31ED3418A9EAA81D /* Pods_ExermoteCoreMLTests.framework in Frameworks */ = {isa = PBXBuildFile; fileRef = EA083D98F5104D5DA731B1C1 /* Pods_ExermoteCoreMLTests.framework */; };
/* End PBXBuildFile section */

/* Begin PBXContainerItemProxy section */
		8D8564AB1EE9A7F000F904CA /* PBXContainerItemProxy */ = {
			isa = PBXContainerItemProxy;
			containerPortal = 8D85648E1EE9A7F000F904CA /* Project object */;
			proxyType = 1;
			remoteGlobalIDString = 8D8564951EE9A7F000F904CA;
			remoteInfo = ExermoteCoreML;
		};
		8D8564B61EE9A7F000F904CA /* PBXContainerItemProxy */ = {
			isa = PBXContainerItemProxy;
			containerPortal = 8D85648E1EE9A7F000F904CA /* Project object */;
			proxyType = 1;
			remoteGlobalIDString = 8D8564951EE9A7F000F904CA;
			remoteInfo = ExermoteCoreML;
		};
/* End PBXContainerItemProxy section */

/* Begin PBXFileReference section */
		25C66C3FCF40DDE53365252C /* Pods-ExermoteCoreML.release.xcconfig */ = {isa = PBXFileReference; includeInIndex = 1; lastKnownFileType = text.xcconfig; name = "Pods-ExermoteCoreML.release.xcconfig"; path = "Pods/Target Support Files/Pods-ExermoteCoreML/Pods-ExermoteCoreML.release.xcconfig"; sourceTree = "<group>"; };
		3AAE41870872E349A3EC2B8E /* Pods_ExermoteCoreMLUITests.framework */ = {isa = PBXFileReference; explicitFileType = wrapper.framework; includeInIndex = 0; path = Pods_ExermoteCoreMLUITests.framework; sourceTree = BUILT_PRODUCTS_DIR; };
		77891FDD9207057BEC34248D /* Pods-ExermoteCoreML.debug.xcconfig */ = {isa = PBXFileReference; includeInIndex = 1; lastKnownFileType = text.xcconfig; name = "Pods-ExermoteCoreML.debug.xcconfig"; path = "Pods/Target Support Files/Pods-ExermoteCoreML/Pods-ExermoteCoreML.debug.xcconfig"; sourceTree = "<group>"; };
		8D02F9A41EEAE09D0015BD67 /* Constants.swift */ = {isa = PBXFileReference; lastKnownFileType = sourcecode.swift; path = Constants.swift; sourceTree = "<group>"; };
		8D02F9A61EEAE0D00015BD67 /* MotionManager.swift */ = {isa = PBXFileReference; lastKnownFileType = sourcecode.swift; path = MotionManager.swift; sourceTree = "<group>"; };
		8D02F9A81EEAE0F80015BD67 /* PredictionVC.swift */ = {isa = PBXFileReference; lastKnownFileType = sourcecode.swift; path = PredictionVC.swift; sourceTree = "<group>"; };
		8D02F9AA1EEAE18D0015BD67 /* PredictionManager.swift */ = {isa = PBXFileReference; lastKnownFileType = sourcecode.swift; path = PredictionManager.swift; sourceTree = "<group>"; };
		8D02F9AC1EEAE1D90015BD67 /* PredictionManagerDelegate.swift */ = {isa = PBXFileReference; lastKnownFileType = sourcecode.swift; path = PredictionManagerDelegate.swift; sourceTree = "<group>"; };
		8D1753E91EEADA6D00C2F69E /* PredictionModel.mlmodel */ = {isa = PBXFileReference; lastKnownFileType = file.mlmodel; path = PredictionModel.mlmodel; sourceTree = "<group>"; };
		8D8564961EE9A7F000F904CA /* ExermoteCoreML.app */ = {isa = PBXFileReference; explicitFileType = wrapper.application; includeInIndex = 0; path = ExermoteCoreML.app; sourceTree = BUILT_PRODUCTS_DIR; };
		8D8564991EE9A7F000F904CA /* AppDelegate.swift */ = {isa = PBXFileReference; lastKnownFileType = sourcecode.swift; path = AppDelegate.swift; sourceTree = "<group>"; };
		8D85649E1EE9A7F000F904CA /* Base */ = {isa = PBXFileReference; lastKnownFileType = file.storyboard; name = Base; path = Base.lproj/Main.storyboard; sourceTree = "<group>"; };
		8D8564A01EE9A7F000F904CA /* Assets.xcassets */ = {isa = PBXFileReference; lastKnownFileType = folder.assetcatalog; path = Assets.xcassets; sourceTree = "<group>"; };
		8D8564A31EE9A7F000F904CA /* Base */ = {isa = PBXFileReference; lastKnownFileType = file.storyboard; name = Base; path = Base.lproj/LaunchScreen.storyboard; sourceTree = "<group>"; };
		8D8564A51EE9A7F000F904CA /* Info.plist */ = {isa = PBXFileReference; lastKnownFileType = text.plist.xml; path = Info.plist; sourceTree = "<group>"; };
		8D8564AA1EE9A7F000F904CA /* ExermoteCoreMLTests.xctest */ = {isa = PBXFileReference; explicitFileType = wrapper.cfbundle; includeInIndex = 0; path = ExermoteCoreMLTests.xctest; sourceTree = BUILT_PRODUCTS_DIR; };
		8D8564AE1EE9A7F000F904CA /* ExermoteCoreMLTests.swift */ = {isa = PBXFileReference; lastKnownFileType = sourcecode.swift; path = ExermoteCoreMLTests.swift; sourceTree = "<group>"; };
		8D8564B01EE9A7F000F904CA /* Info.plist */ = {isa = PBXFileReference; lastKnownFileType = text.plist.xml; path = Info.plist; sourceTree = "<group>"; };
		8D8564B51EE9A7F000F904CA /* ExermoteCoreMLUITests.xctest */ = {isa = PBXFileReference; explicitFileType = wrapper.cfbundle; includeInIndex = 0; path = ExermoteCoreMLUITests.xctest; sourceTree = BUILT_PRODUCTS_DIR; };
		8D8564B91EE9A7F000F904CA /* ExermoteCoreMLUITests.swift */ = {isa = PBXFileReference; lastKnownFileType = sourcecode.swift; path = ExermoteCoreMLUITests.swift; sourceTree = "<group>"; };
		8D8564BB1EE9A7F000F904CA /* Info.plist */ = {isa = PBXFileReference; lastKnownFileType = text.plist.xml; path = Info.plist; sourceTree = "<group>"; };
		8E5F24CF4FE351E7B168E942 /* Pods-ExermoteCoreMLTests.release.xcconfig */ = {isa = PBXFileReference; includeInIndex = 1; lastKnownFileType = text.xcconfig; name = "Pods-ExermoteCoreMLTests.release.xcconfig"; path = "Pods/Target Support Files/Pods-ExermoteCoreMLTests/Pods-ExermoteCoreMLTests.release.xcconfig"; sourceTree = "<group>"; };
		96F707AB8F00A3A7B4142BFE /* Pods-ExermoteCoreMLTests.debug.xcconfig */ = {isa = PBXFileReference; includeInIndex = 1; lastKnownFileType = text.xcconfig; name = "Pods-ExermoteCoreMLTests.debug.xcconfig"; path = "Pods/Target Support Files/Pods-ExermoteCoreMLTests/Pods-ExermoteCoreMLTests.debug.xcconfig"; sourceTree = "<group>"; };
		A876F8EE7CFA47417AD70C47 /* Pods-ExermoteCoreMLUITests.release.xcconfig */ = {isa = PBXFileReference; includeInIndex = 1; lastKnownFileType = text.xcconfig; name = "Pods-ExermoteCoreMLUITests.release.xcconfig"; path = "Pods/Target Support Files/Pods-ExermoteCoreMLUITests/Pods-ExermoteCoreMLUITests.release.xcconfig"; sourceTree = "<group>"; };
		B4D984A27702E54271C14D94 /* Pods_ExermoteCoreML.framework */ = {isa = PBXFileReference; explicitFileType = wrapper.framework; includeInIndex = 0; path = Pods_ExermoteCoreML.framework; sourceTree = BUILT_PRODUCTS_DIR; };
		EA083D98F5104D5DA731B1C1 /* Pods_ExermoteCoreMLTests.framework */ = {isa = PBXFileReference; explicitFileType = wrapper.framework; includeInIndex = 0; path = Pods_ExermoteCoreMLTests.framework; sourceTree = BUILT_PRODUCTS_DIR; };
		F103C74AB0DADEBF099A7297 /* Pods-ExermoteCoreMLUITests.debug.xcconfig */ = {isa = PBXFileReference; includeInIndex = 1; lastKnownFileType = text.xcconfig; name = "Pods-ExermoteCoreMLUITests.debug.xcconfig"; path = "Pods/Target Support Files/Pods-ExermoteCoreMLUITests/Pods-ExermoteCoreMLUITests.debug.xcconfig"; sourceTree = "<group>"; };
/* End PBXFileReference section */

/* Begin PBXFrameworksBuildPhase section */
		8D8564931EE9A7F000F904CA /* Frameworks */ = {
			isa = PBXFrameworksBuildPhase;
			buildActionMask = 2147483647;
			files = (
				8FB8C7E3FF6E3AC93E13C973 /* Pods_ExermoteCoreML.framework in Frameworks */,
			);
			runOnlyForDeploymentPostprocessing = 0;
		};
		8D8564A71EE9A7F000F904CA /* Frameworks */ = {
			isa = PBXFrameworksBuildPhase;
			buildActionMask = 2147483647;
			files = (
				E68CB60E31ED3418A9EAA81D /* Pods_ExermoteCoreMLTests.framework in Frameworks */,
			);
			runOnlyForDeploymentPostprocessing = 0;
		};
		8D8564B21EE9A7F000F904CA /* Frameworks */ = {
			isa = PBXFrameworksBuildPhase;
			buildActionMask = 2147483647;
			files = (
				7BC054566AC4AE479C7F12C7 /* Pods_ExermoteCoreMLUITests.framework in Frameworks */,
			);
			runOnlyForDeploymentPostprocessing = 0;
		};
/* End PBXFrameworksBuildPhase section */

/* Begin PBXGroup section */
		8D1753EB1EEADAFC00C2F69E /* Utilities */ = {
			isa = PBXGroup;
			children = (
				8D02F9A41EEAE09D0015BD67 /* Constants.swift */,
			);
			path = Utilities;
			sourceTree = "<group>";
		};
		8D1753EC1EEADB1100C2F69E /* Services */ = {
			isa = PBXGroup;
			children = (
				8D02F9A61EEAE0D00015BD67 /* MotionManager.swift */,
				8D02F9AA1EEAE18D0015BD67 /* PredictionManager.swift */,
				8D02F9AC1EEAE1D90015BD67 /* PredictionManagerDelegate.swift */,
			);
			path = Services;
			sourceTree = "<group>";
		};
		8D1753ED1EEADB1900C2F69E /* Model */ = {
			isa = PBXGroup;
			children = (
				8D1753E91EEADA6D00C2F69E /* PredictionModel.mlmodel */,
			);
			path = Model;
			sourceTree = "<group>";
		};
		8D1753EE1EEADB1E00C2F69E /* View */ = {
			isa = PBXGroup;
			children = (
			);
			path = View;
			sourceTree = "<group>";
		};
		8D1753EF1EEADB2300C2F69E /* Controller */ = {
			isa = PBXGroup;
			children = (
				8D02F9A81EEAE0F80015BD67 /* PredictionVC.swift */,
			);
			path = Controller;
			sourceTree = "<group>";
		};
		8D85648D1EE9A7F000F904CA = {
			isa = PBXGroup;
			children = (
				8D8564981EE9A7F000F904CA /* ExermoteCoreML */,
				8D8564AD1EE9A7F000F904CA /* ExermoteCoreMLTests */,
				8D8564B81EE9A7F000F904CA /* ExermoteCoreMLUITests */,
				8D8564971EE9A7F000F904CA /* Products */,
				FFC0EB9FC79CE402DDCB1CD5 /* Pods */,
				E1245227666C95147FA80E87 /* Frameworks */,
			);
			sourceTree = "<group>";
		};
		8D8564971EE9A7F000F904CA /* Products */ = {
			isa = PBXGroup;
			children = (
				8D8564961EE9A7F000F904CA /* ExermoteCoreML.app */,
				8D8564AA1EE9A7F000F904CA /* ExermoteCoreMLTests.xctest */,
				8D8564B51EE9A7F000F904CA /* ExermoteCoreMLUITests.xctest */,
			);
			name = Products;
			sourceTree = "<group>";
		};
		8D8564981EE9A7F000F904CA /* ExermoteCoreML */ = {
			isa = PBXGroup;
			children = (
				8D1753EB1EEADAFC00C2F69E /* Utilities */,
				8D1753EC1EEADB1100C2F69E /* Services */,
				8D1753ED1EEADB1900C2F69E /* Model */,
				8D1753EE1EEADB1E00C2F69E /* View */,
				8D1753EF1EEADB2300C2F69E /* Controller */,
				8D8564991EE9A7F000F904CA /* AppDelegate.swift */,
				8D85649D1EE9A7F000F904CA /* Main.storyboard */,
				8D8564A01EE9A7F000F904CA /* Assets.xcassets */,
				8D8564A21EE9A7F000F904CA /* LaunchScreen.storyboard */,
				8D8564A51EE9A7F000F904CA /* Info.plist */,
			);
			path = ExermoteCoreML;
			sourceTree = "<group>";
		};
		8D8564AD1EE9A7F000F904CA /* ExermoteCoreMLTests */ = {
			isa = PBXGroup;
			children = (
				8D8564AE1EE9A7F000F904CA /* ExermoteCoreMLTests.swift */,
				8D8564B01EE9A7F000F904CA /* Info.plist */,
			);
			path = ExermoteCoreMLTests;
			sourceTree = "<group>";
		};
		8D8564B81EE9A7F000F904CA /* ExermoteCoreMLUITests */ = {
			isa = PBXGroup;
			children = (
				8D8564B91EE9A7F000F904CA /* ExermoteCoreMLUITests.swift */,
				8D8564BB1EE9A7F000F904CA /* Info.plist */,
			);
			path = ExermoteCoreMLUITests;
			sourceTree = "<group>";
		};
		E1245227666C95147FA80E87 /* Frameworks */ = {
			isa = PBXGroup;
			children = (
				B4D984A27702E54271C14D94 /* Pods_ExermoteCoreML.framework */,
				EA083D98F5104D5DA731B1C1 /* Pods_ExermoteCoreMLTests.framework */,
				3AAE41870872E349A3EC2B8E /* Pods_ExermoteCoreMLUITests.framework */,
			);
			name = Frameworks;
			sourceTree = "<group>";
		};
		FFC0EB9FC79CE402DDCB1CD5 /* Pods */ = {
			isa = PBXGroup;
			children = (
				77891FDD9207057BEC34248D /* Pods-ExermoteCoreML.debug.xcconfig */,
				25C66C3FCF40DDE53365252C /* Pods-ExermoteCoreML.release.xcconfig */,
				96F707AB8F00A3A7B4142BFE /* Pods-ExermoteCoreMLTests.debug.xcconfig */,
				8E5F24CF4FE351E7B168E942 /* Pods-ExermoteCoreMLTests.release.xcconfig */,
				F103C74AB0DADEBF099A7297 /* Pods-ExermoteCoreMLUITests.debug.xcconfig */,
				A876F8EE7CFA47417AD70C47 /* Pods-ExermoteCoreMLUITests.release.xcconfig */,
			);
			name = Pods;
			sourceTree = "<group>";
		};
/* End PBXGroup section */

/* Begin PBXNativeTarget section */
		8D8564951EE9A7F000F904CA /* ExermoteCoreML */ = {
			isa = PBXNativeTarget;
			buildConfigurationList = 8D8564BE1EE9A7F100F904CA /* Build configuration list for PBXNativeTarget "ExermoteCoreML" */;
			buildPhases = (
				7D30E3557662D978F4D87846 /* [CP] Check Pods Manifest.lock */,
				8D8564921EE9A7F000F904CA /* Sources */,
				8D8564931EE9A7F000F904CA /* Frameworks */,
				8D8564941EE9A7F000F904CA /* Resources */,
				A09B58D1A683250C0C808000 /* [CP] Embed Pods Frameworks */,
				B905919070565DBC63A4282F /* [CP] Copy Pods Resources */,
			);
			buildRules = (
			);
			dependencies = (
			);
			name = ExermoteCoreML;
			productName = ExermoteCoreML;
			productReference = 8D8564961EE9A7F000F904CA /* ExermoteCoreML.app */;
			productType = "com.apple.product-type.application";
		};
		8D8564A91EE9A7F000F904CA /* ExermoteCoreMLTests */ = {
			isa = PBXNativeTarget;
			buildConfigurationList = 8D8564C11EE9A7F100F904CA /* Build configuration list for PBXNativeTarget "ExermoteCoreMLTests" */;
			buildPhases = (
				8648ED2A4FCC3688E8827A92 /* [CP] Check Pods Manifest.lock */,
				8D8564A61EE9A7F000F904CA /* Sources */,
				8D8564A71EE9A7F000F904CA /* Frameworks */,
				8D8564A81EE9A7F000F904CA /* Resources */,
				83214E0053D428376BF087D8 /* [CP] Embed Pods Frameworks */,
				DD185C1105E8A8CCD60CF4C7 /* [CP] Copy Pods Resources */,
			);
			buildRules = (
			);
			dependencies = (
				8D8564AC1EE9A7F000F904CA /* PBXTargetDependency */,
			);
			name = ExermoteCoreMLTests;
			productName = ExermoteCoreMLTests;
			productReference = 8D8564AA1EE9A7F000F904CA /* ExermoteCoreMLTests.xctest */;
			productType = "com.apple.product-type.bundle.unit-test";
		};
		8D8564B41EE9A7F000F904CA /* ExermoteCoreMLUITests */ = {
			isa = PBXNativeTarget;
			buildConfigurationList = 8D8564C41EE9A7F100F904CA /* Build configuration list for PBXNativeTarget "ExermoteCoreMLUITests" */;
			buildPhases = (
				516788791A453A1292A8869C /* [CP] Check Pods Manifest.lock */,
				8D8564B11EE9A7F000F904CA /* Sources */,
				8D8564B21EE9A7F000F904CA /* Frameworks */,
				8D8564B31EE9A7F000F904CA /* Resources */,
				DCE91B175D8C74274E10DEE2 /* [CP] Embed Pods Frameworks */,
				10CEE76256F423359D75520A /* [CP] Copy Pods Resources */,
			);
			buildRules = (
			);
			dependencies = (
				8D8564B71EE9A7F000F904CA /* PBXTargetDependency */,
			);
			name = ExermoteCoreMLUITests;
			productName = ExermoteCoreMLUITests;
			productReference = 8D8564B51EE9A7F000F904CA /* ExermoteCoreMLUITests.xctest */;
			productType = "com.apple.product-type.bundle.ui-testing";
		};
/* End PBXNativeTarget section */

/* Begin PBXProject section */
		8D85648E1EE9A7F000F904CA /* Project object */ = {
			isa = PBXProject;
			attributes = {
				LastSwiftUpdateCheck = 0900;
				LastUpgradeCheck = 0900;
				ORGANIZATIONNAME = "Stephan Lerner";
				TargetAttributes = {
					8D8564951EE9A7F000F904CA = {
						CreatedOnToolsVersion = 9.0;
					};
					8D8564A91EE9A7F000F904CA = {
						CreatedOnToolsVersion = 9.0;
						TestTargetID = 8D8564951EE9A7F000F904CA;
					};
					8D8564B41EE9A7F000F904CA = {
						CreatedOnToolsVersion = 9.0;
						TestTargetID = 8D8564951EE9A7F000F904CA;
					};
				};
			};
			buildConfigurationList = 8D8564911EE9A7F000F904CA /* Build configuration list for PBXProject "ExermoteCoreML" */;
			compatibilityVersion = "Xcode 8.0";
			developmentRegion = en;
			hasScannedForEncodings = 0;
			knownRegions = (
				en,
				Base,
			);
			mainGroup = 8D85648D1EE9A7F000F904CA;
			productRefGroup = 8D8564971EE9A7F000F904CA /* Products */;
			projectDirPath = "";
			projectRoot = "";
			targets = (
				8D8564951EE9A7F000F904CA /* ExermoteCoreML */,
				8D8564A91EE9A7F000F904CA /* ExermoteCoreMLTests */,
				8D8564B41EE9A7F000F904CA /* ExermoteCoreMLUITests */,
			);
		};
/* End PBXProject section */

/* Begin PBXResourcesBuildPhase section */
		8D8564941EE9A7F000F904CA /* Resources */ = {
			isa = PBXResourcesBuildPhase;
			buildActionMask = 2147483647;
			files = (
				8D8564A41EE9A7F000F904CA /* LaunchScreen.storyboard in Resources */,
				8D8564A11EE9A7F000F904CA /* Assets.xcassets in Resources */,
				8D85649F1EE9A7F000F904CA /* Main.storyboard in Resources */,
			);
			runOnlyForDeploymentPostprocessing = 0;
		};
		8D8564A81EE9A7F000F904CA /* Resources */ = {
			isa = PBXResourcesBuildPhase;
			buildActionMask = 2147483647;
			files = (
			);
			runOnlyForDeploymentPostprocessing = 0;
		};
		8D8564B31EE9A7F000F904CA /* Resources */ = {
			isa = PBXResourcesBuildPhase;
			buildActionMask = 2147483647;
			files = (
			);
			runOnlyForDeploymentPostprocessing = 0;
		};
/* End PBXResourcesBuildPhase section */

/* Begin PBXShellScriptBuildPhase section */
		10CEE76256F423359D75520A /* [CP] Copy Pods Resources */ = {
			isa = PBXShellScriptBuildPhase;
			buildActionMask = 2147483647;
			files = (
			);
			inputPaths = (
			);
			name = "[CP] Copy Pods Resources";
			outputPaths = (
			);
			runOnlyForDeploymentPostprocessing = 0;
			shellPath = /bin/sh;
			shellScript = "\"${SRCROOT}/Pods/Target Support Files/Pods-ExermoteCoreMLUITests/Pods-ExermoteCoreMLUITests-resources.sh\"\n";
			showEnvVarsInLog = 0;
		};
		516788791A453A1292A8869C /* [CP] Check Pods Manifest.lock */ = {
			isa = PBXShellScriptBuildPhase;
			buildActionMask = 2147483647;
			files = (
			);
			inputPaths = (
			);
			name = "[CP] Check Pods Manifest.lock";
			outputPaths = (
			);
			runOnlyForDeploymentPostprocessing = 0;
			shellPath = /bin/sh;
			shellScript = "diff \"${PODS_PODFILE_DIR_PATH}/Podfile.lock\" \"${PODS_ROOT}/Manifest.lock\" > /dev/null\nif [ $? != 0 ] ; then\n    # print error to STDERR\n    echo \"error: The sandbox is not in sync with the Podfile.lock. Run 'pod install' or update your CocoaPods installation.\" >&2\n    exit 1\nfi\n";
			showEnvVarsInLog = 0;
		};
		7D30E3557662D978F4D87846 /* [CP] Check Pods Manifest.lock */ = {
			isa = PBXShellScriptBuildPhase;
			buildActionMask = 2147483647;
			files = (
			);
			inputPaths = (
			);
			name = "[CP] Check Pods Manifest.lock";
			outputPaths = (
			);
			runOnlyForDeploymentPostprocessing = 0;
			shellPath = /bin/sh;
			shellScript = "diff \"${PODS_PODFILE_DIR_PATH}/Podfile.lock\" \"${PODS_ROOT}/Manifest.lock\" > /dev/null\nif [ $? != 0 ] ; then\n    # print error to STDERR\n    echo \"error: The sandbox is not in sync with the Podfile.lock. Run 'pod install' or update your CocoaPods installation.\" >&2\n    exit 1\nfi\n";
			showEnvVarsInLog = 0;
		};
		83214E0053D428376BF087D8 /* [CP] Embed Pods Frameworks */ = {
			isa = PBXShellScriptBuildPhase;
			buildActionMask = 2147483647;
			files = (
			);
			inputPaths = (
			);
			name = "[CP] Embed Pods Frameworks";
			outputPaths = (
			);
			runOnlyForDeploymentPostprocessing = 0;
			shellPath = /bin/sh;
			shellScript = "\"${SRCROOT}/Pods/Target Support Files/Pods-ExermoteCoreMLTests/Pods-ExermoteCoreMLTests-frameworks.sh\"\n";
			showEnvVarsInLog = 0;
		};
		8648ED2A4FCC3688E8827A92 /* [CP] Check Pods Manifest.lock */ = {
			isa = PBXShellScriptBuildPhase;
			buildActionMask = 2147483647;
			files = (
			);
			inputPaths = (
			);
			name = "[CP] Check Pods Manifest.lock";
			outputPaths = (
			);
			runOnlyForDeploymentPostprocessing = 0;
			shellPath = /bin/sh;
			shellScript = "diff \"${PODS_PODFILE_DIR_PATH}/Podfile.lock\" \"${PODS_ROOT}/Manifest.lock\" > /dev/null\nif [ $? != 0 ] ; then\n    # print error to STDERR\n    echo \"error: The sandbox is not in sync with the Podfile.lock. Run 'pod install' or update your CocoaPods installation.\" >&2\n    exit 1\nfi\n";
			showEnvVarsInLog = 0;
		};
		A09B58D1A683250C0C808000 /* [CP] Embed Pods Frameworks */ = {
			isa = PBXShellScriptBuildPhase;
			buildActionMask = 2147483647;
			files = (
			);
			inputPaths = (
			);
			name = "[CP] Embed Pods Frameworks";
			outputPaths = (
			);
			runOnlyForDeploymentPostprocessing = 0;
			shellPath = /bin/sh;
			shellScript = "\"${SRCROOT}/Pods/Target Support Files/Pods-ExermoteCoreML/Pods-ExermoteCoreML-frameworks.sh\"\n";
			showEnvVarsInLog = 0;
		};
		B905919070565DBC63A4282F /* [CP] Copy Pods Resources */ = {
			isa = PBXShellScriptBuildPhase;
			buildActionMask = 2147483647;
			files = (
			);
			inputPaths = (
			);
			name = "[CP] Copy Pods Resources";
			outputPaths = (
			);
			runOnlyForDeploymentPostprocessing = 0;
			shellPath = /bin/sh;
			shellScript = "\"${SRCROOT}/Pods/Target Support Files/Pods-ExermoteCoreML/Pods-ExermoteCoreML-resources.sh\"\n";
			showEnvVarsInLog = 0;
		};
		DCE91B175D8C74274E10DEE2 /* [CP] Embed Pods Frameworks */ = {
			isa = PBXShellScriptBuildPhase;
			buildActionMask = 2147483647;
			files = (
			);
			inputPaths = (
			);
			name = "[CP] Embed Pods Frameworks";
			outputPaths = (
			);
			runOnlyForDeploymentPostprocessing = 0;
			shellPath = /bin/sh;
			shellScript = "\"${SRCROOT}/Pods/Target Support Files/Pods-ExermoteCoreMLUITests/Pods-ExermoteCoreMLUITests-frameworks.sh\"\n";
			showEnvVarsInLog = 0;
		};
		DD185C1105E8A8CCD60CF4C7 /* [CP] Copy Pods Resources */ = {
			isa = PBXShellScriptBuildPhase;
			buildActionMask = 2147483647;
			files = (
			);
			inputPaths = (
			);
			name = "[CP] Copy Pods Resources";
			outputPaths = (
			);
			runOnlyForDeploymentPostprocessing = 0;
			shellPath = /bin/sh;
			shellScript = "\"${SRCROOT}/Pods/Target Support Files/Pods-ExermoteCoreMLTests/Pods-ExermoteCoreMLTests-resources.sh\"\n";
			showEnvVarsInLog = 0;
		};
/* End PBXShellScriptBuildPhase section */

/* Begin PBXSourcesBuildPhase section */
		8D8564921EE9A7F000F904CA /* Sources */ = {
			isa = PBXSourcesBuildPhase;
			buildActionMask = 2147483647;
			files = (
				8D1753EA1EEADA6E00C2F69E /* PredictionModel.mlmodel in Sources */,
				8D02F9AD1EEAE1D90015BD67 /* PredictionManagerDelegate.swift in Sources */,
				8D85649A1EE9A7F000F904CA /* AppDelegate.swift in Sources */,
				8D02F9AB1EEAE18D0015BD67 /* PredictionManager.swift in Sources */,
				8D02F9A51EEAE09D0015BD67 /* Constants.swift in Sources */,
				8D02F9A71EEAE0D00015BD67 /* MotionManager.swift in Sources */,
				8D02F9A91EEAE0F80015BD67 /* PredictionVC.swift in Sources */,
			);
			runOnlyForDeploymentPostprocessing = 0;
		};
		8D8564A61EE9A7F000F904CA /* Sources */ = {
			isa = PBXSourcesBuildPhase;
			buildActionMask = 2147483647;
			files = (
				8D8564AF1EE9A7F000F904CA /* ExermoteCoreMLTests.swift in Sources */,
			);
			runOnlyForDeploymentPostprocessing = 0;
		};
		8D8564B11EE9A7F000F904CA /* Sources */ = {
			isa = PBXSourcesBuildPhase;
			buildActionMask = 2147483647;
			files = (
				8D8564BA1EE9A7F000F904CA /* ExermoteCoreMLUITests.swift in Sources */,
			);
			runOnlyForDeploymentPostprocessing = 0;
		};
/* End PBXSourcesBuildPhase section */

/* Begin PBXTargetDependency section */
		8D8564AC1EE9A7F000F904CA /* PBXTargetDependency */ = {
			isa = PBXTargetDependency;
			target = 8D8564951EE9A7F000F904CA /* ExermoteCoreML */;
			targetProxy = 8D8564AB1EE9A7F000F904CA /* PBXContainerItemProxy */;
		};
		8D8564B71EE9A7F000F904CA /* PBXTargetDependency */ = {
			isa = PBXTargetDependency;
			target = 8D8564951EE9A7F000F904CA /* ExermoteCoreML */;
			targetProxy = 8D8564B61EE9A7F000F904CA /* PBXContainerItemProxy */;
		};
/* End PBXTargetDependency section */

/* Begin PBXVariantGroup section */
		8D85649D1EE9A7F000F904CA /* Main.storyboard */ = {
			isa = PBXVariantGroup;
			children = (
				8D85649E1EE9A7F000F904CA /* Base */,
			);
			name = Main.storyboard;
			sourceTree = "<group>";
		};
		8D8564A21EE9A7F000F904CA /* LaunchScreen.storyboard */ = {
			isa = PBXVariantGroup;
			children = (
				8D8564A31EE9A7F000F904CA /* Base */,
			);
			name = LaunchScreen.storyboard;
			sourceTree = "<group>";
		};
/* End PBXVariantGroup section */

/* Begin XCBuildConfiguration section */
		8D8564BC1EE9A7F000F904CA /* Debug */ = {
			isa = XCBuildConfiguration;
			buildSettings = {
				ALWAYS_SEARCH_USER_PATHS = NO;
				CLANG_ANALYZER_NONNULL = YES;
				CLANG_ANALYZER_NUMBER_OBJECT_CONVERSION = YES_AGGRESSIVE;
				CLANG_CXX_LANGUAGE_STANDARD = "gnu++14";
				CLANG_CXX_LIBRARY = "libc++";
				CLANG_ENABLE_MODULES = YES;
				CLANG_ENABLE_OBJC_ARC = YES;
				CLANG_WARN_BLOCK_CAPTURE_AUTORELEASING = YES;
				CLANG_WARN_BOOL_CONVERSION = YES;
				CLANG_WARN_COMMA = YES;
				CLANG_WARN_CONSTANT_CONVERSION = YES;
				CLANG_WARN_DIRECT_OBJC_ISA_USAGE = YES_ERROR;
				CLANG_WARN_DOCUMENTATION_COMMENTS = YES;
				CLANG_WARN_EMPTY_BODY = YES;
				CLANG_WARN_ENUM_CONVERSION = YES;
				CLANG_WARN_INFINITE_RECURSION = YES;
				CLANG_WARN_INT_CONVERSION = YES;
				CLANG_WARN_NON_LITERAL_NULL_CONVERSION = YES;
				CLANG_WARN_OBJC_LITERAL_CONVERSION = YES;
				CLANG_WARN_OBJC_ROOT_CLASS = YES_ERROR;
				CLANG_WARN_RANGE_LOOP_ANALYSIS = YES;
				CLANG_WARN_STRICT_PROTOTYPES = YES;
				CLANG_WARN_SUSPICIOUS_MOVE = YES;
				CLANG_WARN_UNGUARDED_AVAILABILITY = YES_AGGRESSIVE;
				CLANG_WARN_UNREACHABLE_CODE = YES;
				CLANG_WARN__DUPLICATE_METHOD_MATCH = YES;
				CODE_SIGN_IDENTITY = "iPhone Developer";
				COPY_PHASE_STRIP = NO;
				DEBUG_INFORMATION_FORMAT = dwarf;
				ENABLE_STRICT_OBJC_MSGSEND = YES;
				ENABLE_TESTABILITY = YES;
				GCC_C_LANGUAGE_STANDARD = gnu11;
				GCC_DYNAMIC_NO_PIC = NO;
				GCC_NO_COMMON_BLOCKS = YES;
				GCC_OPTIMIZATION_LEVEL = 0;
				GCC_PREPROCESSOR_DEFINITIONS = (
					"DEBUG=1",
					"$(inherited)",
				);
				GCC_WARN_64_TO_32_BIT_CONVERSION = YES;
				GCC_WARN_ABOUT_RETURN_TYPE = YES_ERROR;
				GCC_WARN_UNDECLARED_SELECTOR = YES;
				GCC_WARN_UNINITIALIZED_AUTOS = YES_AGGRESSIVE;
				GCC_WARN_UNUSED_FUNCTION = YES;
				GCC_WARN_UNUSED_VARIABLE = YES;
				IPHONEOS_DEPLOYMENT_TARGET = 11.0;
				MTL_ENABLE_DEBUG_INFO = YES;
				ONLY_ACTIVE_ARCH = YES;
				SDKROOT = iphoneos;
				SWIFT_ACTIVE_COMPILATION_CONDITIONS = DEBUG;
				SWIFT_OPTIMIZATION_LEVEL = "-Onone";
			};
			name = Debug;
		};
		8D8564BD1EE9A7F100F904CA /* Release */ = {
			isa = XCBuildConfiguration;
			buildSettings = {
				ALWAYS_SEARCH_USER_PATHS = NO;
				CLANG_ANALYZER_NONNULL = YES;
				CLANG_ANALYZER_NUMBER_OBJECT_CONVERSION = YES_AGGRESSIVE;
				CLANG_CXX_LANGUAGE_STANDARD = "gnu++14";
				CLANG_CXX_LIBRARY = "libc++";
				CLANG_ENABLE_MODULES = YES;
				CLANG_ENABLE_OBJC_ARC = YES;
				CLANG_WARN_BLOCK_CAPTURE_AUTORELEASING = YES;
				CLANG_WARN_BOOL_CONVERSION = YES;
				CLANG_WARN_COMMA = YES;
				CLANG_WARN_CONSTANT_CONVERSION = YES;
				CLANG_WARN_DIRECT_OBJC_ISA_USAGE = YES_ERROR;
				CLANG_WARN_DOCUMENTATION_COMMENTS = YES;
				CLANG_WARN_EMPTY_BODY = YES;
				CLANG_WARN_ENUM_CONVERSION = YES;
				CLANG_WARN_INFINITE_RECURSION = YES;
				CLANG_WARN_INT_CONVERSION = YES;
				CLANG_WARN_NON_LITERAL_NULL_CONVERSION = YES;
				CLANG_WARN_OBJC_LITERAL_CONVERSION = YES;
				CLANG_WARN_OBJC_ROOT_CLASS = YES_ERROR;
				CLANG_WARN_RANGE_LOOP_ANALYSIS = YES;
				CLANG_WARN_STRICT_PROTOTYPES = YES;
				CLANG_WARN_SUSPICIOUS_MOVE = YES;
				CLANG_WARN_UNGUARDED_AVAILABILITY = YES_AGGRESSIVE;
				CLANG_WARN_UNREACHABLE_CODE = YES;
				CLANG_WARN__DUPLICATE_METHOD_MATCH = YES;
				CODE_SIGN_IDENTITY = "iPhone Developer";
				COPY_PHASE_STRIP = NO;
				DEBUG_INFORMATION_FORMAT = "dwarf-with-dsym";
				ENABLE_NS_ASSERTIONS = NO;
				ENABLE_STRICT_OBJC_MSGSEND = YES;
				GCC_C_LANGUAGE_STANDARD = gnu11;
				GCC_NO_COMMON_BLOCKS = YES;
				GCC_WARN_64_TO_32_BIT_CONVERSION = YES;
				GCC_WARN_ABOUT_RETURN_TYPE = YES_ERROR;
				GCC_WARN_UNDECLARED_SELECTOR = YES;
				GCC_WARN_UNINITIALIZED_AUTOS = YES_AGGRESSIVE;
				GCC_WARN_UNUSED_FUNCTION = YES;
				GCC_WARN_UNUSED_VARIABLE = YES;
				IPHONEOS_DEPLOYMENT_TARGET = 11.0;
				MTL_ENABLE_DEBUG_INFO = NO;
				SDKROOT = iphoneos;
				SWIFT_OPTIMIZATION_LEVEL = "-Owholemodule";
				VALIDATE_PRODUCT = YES;
			};
			name = Release;
		};
		8D8564BF1EE9A7F100F904CA /* Debug */ = {
			isa = XCBuildConfiguration;
			baseConfigurationReference = 77891FDD9207057BEC34248D /* Pods-ExermoteCoreML.debug.xcconfig */;
			buildSettings = {
				ASSETCATALOG_COMPILER_APPICON_NAME = AppIcon;
				DEVELOPMENT_TEAM = UD2UEZDYQ6;
				INFOPLIST_FILE = ExermoteCoreML/Info.plist;
				LD_RUNPATH_SEARCH_PATHS = "$(inherited) @executable_path/Frameworks";
				PRODUCT_BUNDLE_IDENTIFIER = stephanlerner.ExermoteCoreML;
				PRODUCT_NAME = "$(TARGET_NAME)";
				SWIFT_VERSION = 4.0;
				TARGETED_DEVICE_FAMILY = "1,2";
			};
			name = Debug;
		};
		8D8564C01EE9A7F100F904CA /* Release */ = {
			isa = XCBuildConfiguration;
			baseConfigurationReference = 25C66C3FCF40DDE53365252C /* Pods-ExermoteCoreML.release.xcconfig */;
			buildSettings = {
				ASSETCATALOG_COMPILER_APPICON_NAME = AppIcon;
				DEVELOPMENT_TEAM = UD2UEZDYQ6;
				INFOPLIST_FILE = ExermoteCoreML/Info.plist;
				LD_RUNPATH_SEARCH_PATHS = "$(inherited) @executable_path/Frameworks";
				PRODUCT_BUNDLE_IDENTIFIER = stephanlerner.ExermoteCoreML;
				PRODUCT_NAME = "$(TARGET_NAME)";
				SWIFT_VERSION = 4.0;
				TARGETED_DEVICE_FAMILY = "1,2";
			};
			name = Release;
		};
		8D8564C21EE9A7F100F904CA /* Debug */ = {
			isa = XCBuildConfiguration;
			baseConfigurationReference = 96F707AB8F00A3A7B4142BFE /* Pods-ExermoteCoreMLTests.debug.xcconfig */;
			buildSettings = {
				ALWAYS_EMBED_SWIFT_STANDARD_LIBRARIES = YES;
				BUNDLE_LOADER = "$(TEST_HOST)";
				DEVELOPMENT_TEAM = UD2UEZDYQ6;
				INFOPLIST_FILE = ExermoteCoreMLTests/Info.plist;
				LD_RUNPATH_SEARCH_PATHS = "$(inherited) @executable_path/Frameworks @loader_path/Frameworks";
				PRODUCT_BUNDLE_IDENTIFIER = stephanlerner.ExermoteCoreMLTests;
				PRODUCT_NAME = "$(TARGET_NAME)";
				SWIFT_VERSION = 4.0;
				TARGETED_DEVICE_FAMILY = "1,2";
				TEST_HOST = "$(BUILT_PRODUCTS_DIR)/ExermoteCoreML.app/ExermoteCoreML";
			};
			name = Debug;
		};
		8D8564C31EE9A7F100F904CA /* Release */ = {
			isa = XCBuildConfiguration;
			baseConfigurationReference = 8E5F24CF4FE351E7B168E942 /* Pods-ExermoteCoreMLTests.release.xcconfig */;
			buildSettings = {
				ALWAYS_EMBED_SWIFT_STANDARD_LIBRARIES = YES;
				BUNDLE_LOADER = "$(TEST_HOST)";
				DEVELOPMENT_TEAM = UD2UEZDYQ6;
				INFOPLIST_FILE = ExermoteCoreMLTests/Info.plist;
				LD_RUNPATH_SEARCH_PATHS = "$(inherited) @executable_path/Frameworks @loader_path/Frameworks";
				PRODUCT_BUNDLE_IDENTIFIER = stephanlerner.ExermoteCoreMLTests;
				PRODUCT_NAME = "$(TARGET_NAME)";
				SWIFT_VERSION = 4.0;
				TARGETED_DEVICE_FAMILY = "1,2";
				TEST_HOST = "$(BUILT_PRODUCTS_DIR)/ExermoteCoreML.app/ExermoteCoreML";
			};
			name = Release;
		};
		8D8564C51EE9A7F100F904CA /* Debug */ = {
			isa = XCBuildConfiguration;
			baseConfigurationReference = F103C74AB0DADEBF099A7297 /* Pods-ExermoteCoreMLUITests.debug.xcconfig */;
			buildSettings = {
				ALWAYS_EMBED_SWIFT_STANDARD_LIBRARIES = YES;
				DEVELOPMENT_TEAM = UD2UEZDYQ6;
				INFOPLIST_FILE = ExermoteCoreMLUITests/Info.plist;
				LD_RUNPATH_SEARCH_PATHS = "$(inherited) @executable_path/Frameworks @loader_path/Frameworks";
				PRODUCT_BUNDLE_IDENTIFIER = stephanlerner.ExermoteCoreMLUITests;
				PRODUCT_NAME = "$(TARGET_NAME)";
				SWIFT_VERSION = 4.0;
				TARGETED_DEVICE_FAMILY = "1,2";
				TEST_TARGET_NAME = ExermoteCoreML;
			};
			name = Debug;
		};
		8D8564C61EE9A7F100F904CA /* Release */ = {
			isa = XCBuildConfiguration;
			baseConfigurationReference = A876F8EE7CFA47417AD70C47 /* Pods-ExermoteCoreMLUITests.release.xcconfig */;
			buildSettings = {
				ALWAYS_EMBED_SWIFT_STANDARD_LIBRARIES = YES;
				DEVELOPMENT_TEAM = UD2UEZDYQ6;
				INFOPLIST_FILE = ExermoteCoreMLUITests/Info.plist;
				LD_RUNPATH_SEARCH_PATHS = "$(inherited) @executable_path/Frameworks @loader_path/Frameworks";
				PRODUCT_BUNDLE_IDENTIFIER = stephanlerner.ExermoteCoreMLUITests;
				PRODUCT_NAME = "$(TARGET_NAME)";
				SWIFT_VERSION = 4.0;
				TARGETED_DEVICE_FAMILY = "1,2";
				TEST_TARGET_NAME = ExermoteCoreML;
			};
			name = Release;
		};
/* End XCBuildConfiguration section */

/* Begin XCConfigurationList section */
		8D8564911EE9A7F000F904CA /* Build configuration list for PBXProject "ExermoteCoreML" */ = {
			isa = XCConfigurationList;
			buildConfigurations = (
				8D8564BC1EE9A7F000F904CA /* Debug */,
				8D8564BD1EE9A7F100F904CA /* Release */,
			);
			defaultConfigurationIsVisible = 0;
			defaultConfigurationName = Release;
		};
		8D8564BE1EE9A7F100F904CA /* Build configuration list for PBXNativeTarget "ExermoteCoreML" */ = {
			isa = XCConfigurationList;
			buildConfigurations = (
				8D8564BF1EE9A7F100F904CA /* Debug */,
				8D8564C01EE9A7F100F904CA /* Release */,
			);
			defaultConfigurationIsVisible = 0;
			defaultConfigurationName = Release;
		};
		8D8564C11EE9A7F100F904CA /* Build configuration list for PBXNativeTarget "ExermoteCoreMLTests" */ = {
			isa = XCConfigurationList;
			buildConfigurations = (
				8D8564C21EE9A7F100F904CA /* Debug */,
				8D8564C31EE9A7F100F904CA /* Release */,
			);
			defaultConfigurationIsVisible = 0;
			defaultConfigurationName = Release;
		};
		8D8564C41EE9A7F100F904CA /* Build configuration list for PBXNativeTarget "ExermoteCoreMLUITests" */ = {
			isa = XCConfigurationList;
			buildConfigurations = (
				8D8564C51EE9A7F100F904CA /* Debug */,
				8D8564C61EE9A7F100F904CA /* Release */,
			);
			defaultConfigurationIsVisible = 0;
			defaultConfigurationName = Release;
		};
/* End XCConfigurationList section */
	};
	rootObject = 8D85648E1EE9A7F000F904CA /* Project object */;
}
